
Microsoft Visual Studio Solution File, Format Version 12.00
# Visual Studio Version 17
VisualStudioVersion = 17.11.35312.102
MinimumVisualStudioVersion = 10.0.40219.1
Project("{FAE04EC0-301F-11D3-BF4B-00C04F79EFBC}") = "ConsoleApp9", "ConsoleApp9.csproj", "{D1706E75-7EF6-4589-8349-11C0EB76CAEF}"
EndProject
Global
	GlobalSection(SolutionConfigurationPlatforms) = preSolution
		Debug|Any CPU = Debug|Any CPU
		Release|Any CPU = Release|Any CPU
	EndGlobalSection
	GlobalSection(ProjectConfigurationPlatforms) = postSolution
		{D1706E75-7EF6-4589-8349-11C0EB76CAEF}.Debug|Any CPU.ActiveCfg = Debug|Any CPU
		{D1706E75-7EF6-4589-8349-11C0EB76CAEF}.Debug|Any CPU.Build.0 = Debug|Any CPU
		{D1706E75-7EF6-4589-8349-11C0EB76CAEF}.Release|Any CPU.ActiveCfg = Release|Any CPU
		{D1706E75-7EF6-4589-8349-11C0EB76CAEF}.Release|Any CPU.Build.0 = Release|Any CPU
	EndGlobalSection
	GlobalSection(SolutionProperties) = preSolution
		HideSolutionNode = FALSE
	EndGlobalSection
	GlobalSection(ExtensibilityGlobals) = postSolution
		SolutionGuid = {DAC0B467-122C-45BF-8D43-222442F3E5AC}
	EndGlobalSection
EndGlobal
